
Microsoft Visual Studio Solution File, Format Version 12.00
# Visual Studio Version 16
VisualStudioVersion = 16.0.31205.134
MinimumVisualStudioVersion = 10.0.40219.1
Project("{FAE04EC0-301F-11D3-BF4B-00C04F79EFBC}") = "TestTaskUKAD", "TestTaskUKAD\TestTaskUKAD.csproj", "{6F30C5FB-AE9C-4621-9250-80667A452760}"
EndProject
Global
	GlobalSection(SolutionConfigurationPlatforms) = preSolution
		Debug|Any CPU = Debug|Any CPU
		Release|Any CPU = Release|Any CPU
	EndGlobalSection
	GlobalSection(ProjectConfigurationPlatforms) = postSolution
		{6F30C5FB-AE9C-4621-9250-80667A452760}.Debug|Any CPU.ActiveCfg = Debug|Any CPU
		{6F30C5FB-AE9C-4621-9250-80667A452760}.Debug|Any CPU.Build.0 = Debug|Any CPU
		{6F30C5FB-AE9C-4621-9250-80667A452760}.Release|Any CPU.ActiveCfg = Release|Any CPU
		{6F30C5FB-AE9C-4621-9250-80667A452760}.Release|Any CPU.Build.0 = Release|Any CPU
	EndGlobalSection
	GlobalSection(SolutionProperties) = preSolution
		HideSolutionNode = FALSE
	EndGlobalSection
	GlobalSection(ExtensibilityGlobals) = postSolution
		SolutionGuid = {6EC999D1-40FC-4B7C-B535-0FF23635AF56}
	EndGlobalSection
EndGlobal
